github.com/coder/websocket v1.8.12 h1:5bUXkEPPIbewrnkU8LTCLVaxi4N4J8ahufH2vlo4NAo=
github.com/coder/websocket v1.8.12/go.mod h1:LNVeNrXQZfe5qhS9ALED3uA+l5pPqvwXg3CKoDBB2gs=
github.com/coder/websocket v1.8.15 h1:6B2JPeOGlpff2Uz6vOEH1Vzpi0iUz20A+lPVhPHtNUA=
github.com/coder/websocket v1.8.15/go.mod h1:NX3SzP+inril6yawo5CQXx8+fk145lPDC6pumgx0mVg=
github.com/xtaci/smux v1.5.34 h1:OUA9JaDFHJDT8ZT3ebwLWPAgEfE6sWo2LaTy3anXqwg=
github.com/xtaci/smux v1.5.34/go.mod h1:OMlQbT5vcgl2gb49mFkYo6SMf+zP3rcjcwQz7ZU7IGY=
github.com/xtaci/smux v1.5.57 h1:N72VbGoSYxgcm6mPOYX0QzEZNVD3UI/JlVvAtXF+WrY=
github.com/xtaci/smux v1.5.57/go.mod h1:IGQ9QYrBphmb/4aTnLEcJby0TNr3NV+OslIOMrX825Q=
